// !$*UTF8*$!
{
	archiveVersion = 1;
	classes = {
	};
	objectVersion = 46;
	objects = {

/* Begin PBXBuildFile section */
		A05097E120D165230019872A /* RealmSwift.framework in Frameworks */ = {isa = PBXBuildFile; fileRef = A05097DF20D165230019872A /* RealmSwift.framework */; };
		A05097E220D165230019872A /* Realm.framework in Frameworks */ = {isa = PBXBuildFile; fileRef = A05097E020D165230019872A /* Realm.framework */; };
		A0B1A4731F3380D7003155C1 /* RealmJSON.h in Headers */ = {isa = PBXBuildFile; fileRef = A0B1A4711F3380D7003155C1 /* RealmJSON.h */; settings = {ATTRIBUTES = (Public, ); }; };
		A0B1A4851F33813A003155C1 /* MCJSONDateTransformer.h in Headers */ = {isa = PBXBuildFile; fileRef = A0B1A4791F33813A003155C1 /* MCJSONDateTransformer.h */; settings = {ATTRIBUTES = (Public, ); }; };
		A0B1A4861F33813A003155C1 /* MCJSONDateTransformer.m in Sources */ = {isa = PBXBuildFile; fileRef = A0B1A47A1F33813A003155C1 /* MCJSONDateTransformer.m */; };
		A0B1A4871F33813A003155C1 /* MCJSONNonNullStringTransformer.h in Headers */ = {isa = PBXBuildFile; fileRef = A0B1A47B1F33813A003155C1 /* MCJSONNonNullStringTransformer.h */; settings = {ATTRIBUTES = (Public, ); }; };
		A0B1A4881F33813A003155C1 /* MCJSONNonNullStringTransformer.m in Sources */ = {isa = PBXBuildFile; fileRef = A0B1A47C1F33813A003155C1 /* MCJSONNonNullStringTransformer.m */; };
		A0B1A4891F33813A003155C1 /* MCJSONPrimaryKeyTransformer.h in Headers */ = {isa = PBXBuildFile; fileRef = A0B1A47D1F33813A003155C1 /* MCJSONPrimaryKeyTransformer.h */; settings = {ATTRIBUTES = (Public, ); }; };
		A0B1A48A1F33813A003155C1 /* MCJSONPrimaryKeyTransformer.m in Sources */ = {isa = PBXBuildFile; fileRef = A0B1A47E1F33813A003155C1 /* MCJSONPrimaryKeyTransformer.m */; };
		A0B1A48B1F33813A003155C1 /* MCJSONValueTransformer.h in Headers */ = {isa = PBXBuildFile; fileRef = A0B1A47F1F33813A003155C1 /* MCJSONValueTransformer.h */; settings = {ATTRIBUTES = (Public, ); }; };
		A0B1A48C1F33813A003155C1 /* MCJSONValueTransformer.m in Sources */ = {isa = PBXBuildFile; fileRef = A0B1A4801F33813A003155C1 /* MCJSONValueTransformer.m */; };
		A0B1A48D1F33813A003155C1 /* RLMObject+Copying.h in Headers */ = {isa = PBXBuildFile; fileRef = A0B1A4811F33813A003155C1 /* RLMObject+Copying.h */; settings = {ATTRIBUTES = (Public, ); }; };
		A0B1A48E1F33813A003155C1 /* RLMObject+Copying.m in Sources */ = {isa = PBXBuildFile; fileRef = A0B1A4821F33813A003155C1 /* RLMObject+Copying.m */; };
		A0B1A48F1F33813A003155C1 /* RLMObject+JSON.h in Headers */ = {isa = PBXBuildFile; fileRef = A0B1A4831F33813A003155C1 /* RLMObject+JSON.h */; settings = {ATTRIBUTES = (Public, ); }; };
		A0B1A4901F33813A003155C1 /* RLMObject+JSON.m in Sources */ = {isa = PBXBuildFile; fileRef = A0B1A4841F33813A003155C1 /* RLMObject+JSON.m */; };
/* End PBXBuildFile section */

/* Begin PBXFileReference section */
		A05097DF20D165230019872A /* RealmSwift.framework */ = {isa = PBXFileReference; lastKnownFileType = wrapper.framework; name = RealmSwift.framework; path = Carthage/Build/iOS/RealmSwift.framework; sourceTree = "<group>"; };
		A05097E020D165230019872A /* Realm.framework */ = {isa = PBXFileReference; lastKnownFileType = wrapper.framework; name = Realm.framework; path = Carthage/Build/iOS/Realm.framework; sourceTree = "<group>"; };
		A0B1A46E1F3380D7003155C1 /* RealmJSON.framework */ = {isa = PBXFileReference; explicitFileType = wrapper.framework; includeInIndex = 0; path = RealmJSON.framework; sourceTree = BUILT_PRODUCTS_DIR; };
		A0B1A4711F3380D7003155C1 /* RealmJSON.h */ = {isa = PBXFileReference; lastKnownFileType = sourcecode.c.h; path = RealmJSON.h; sourceTree = "<group>"; };
		A0B1A4721F3380D7003155C1 /* Info.plist */ = {isa = PBXFileReference; lastKnownFileType = text.plist.xml; path = Info.plist; sourceTree = "<group>"; };
		A0B1A4791F33813A003155C1 /* MCJSONDateTransformer.h */ = {isa = PBXFileReference; fileEncoding = 4; lastKnownFileType = sourcecode.c.h; path = MCJSONDateTransformer.h; sourceTree = "<group>"; };
		A0B1A47A1F33813A003155C1 /* MCJSONDateTransformer.m */ = {isa = PBXFileReference; fileEncoding = 4; lastKnownFileType = sourcecode.c.objc; path = MCJSONDateTransformer.m; sourceTree = "<group>"; };
		A0B1A47B1F33813A003155C1 /* MCJSONNonNullStringTransformer.h */ = {isa = PBXFileReference; fileEncoding = 4; lastKnownFileType = sourcecode.c.h; path = MCJSONNonNullStringTransformer.h; sourceTree = "<group>"; };
		A0B1A47C1F33813A003155C1 /* MCJSONNonNullStringTransformer.m */ = {isa = PBXFileReference; fileEncoding = 4; lastKnownFileType = sourcecode.c.objc; path = MCJSONNonNullStringTransformer.m; sourceTree = "<group>"; };
		A0B1A47D1F33813A003155C1 /* MCJSONPrimaryKeyTransformer.h */ = {isa = PBXFileReference; fileEncoding = 4; lastKnownFileType = sourcecode.c.h; path = MCJSONPrimaryKeyTransformer.h; sourceTree = "<group>"; };
		A0B1A47E1F33813A003155C1 /* MCJSONPrimaryKeyTransformer.m */ = {isa = PBXFileReference; fileEncoding = 4; lastKnownFileType = sourcecode.c.objc; path = MCJSONPrimaryKeyTransformer.m; sourceTree = "<group>"; };
		A0B1A47F1F33813A003155C1 /* MCJSONValueTransformer.h */ = {isa = PBXFileReference; fileEncoding = 4; lastKnownFileType = sourcecode.c.h; path = MCJSONValueTransformer.h; sourceTree = "<group>"; };
		A0B1A4801F33813A003155C1 /* MCJSONValueTransformer.m */ = {isa = PBXFileReference; fileEncoding = 4; lastKnownFileType = sourcecode.c.objc; path = MCJSONValueTransformer.m; sourceTree = "<group>"; };
		A0B1A4811F33813A003155C1 /* RLMObject+Copying.h */ = {isa = PBXFileReference; fileEncoding = 4; lastKnownFileType = sourcecode.c.h; path = "RLMObject+Copying.h"; sourceTree = "<group>"; };
		A0B1A4821F33813A003155C1 /* RLMObject+Copying.m */ = {isa = PBXFileReference; fileEncoding = 4; lastKnownFileType = sourcecode.c.objc; path = "RLMObject+Copying.m"; sourceTree = "<group>"; };
		A0B1A4831F33813A003155C1 /* RLMObject+JSON.h */ = {isa = PBXFileReference; fileEncoding = 4; lastKnownFileType = sourcecode.c.h; path = "RLMObject+JSON.h"; sourceTree = "<group>"; };
		A0B1A4841F33813A003155C1 /* RLMObject+JSON.m */ = {isa = PBXFileReference; fileEncoding = 4; lastKnownFileType = sourcecode.c.objc; path = "RLMObject+JSON.m"; sourceTree = "<group>"; };
/* End PBXFileReference section */

/* Begin PBXFrameworksBuildPhase section */
		A0B1A46A1F3380D7003155C1 /* Frameworks */ = {
			isa = PBXFrameworksBuildPhase;
			buildActionMask = 2147483647;
			files = (
				A05097E120D165230019872A /* RealmSwift.framework in Frameworks */,
				A05097E220D165230019872A /* Realm.framework in Frameworks */,
			);
			runOnlyForDeploymentPostprocessing = 0;
		};
/* End PBXFrameworksBuildPhase section */

/* Begin PBXGroup section */
		A05097DE20D165230019872A /* Frameworks */ = {
			isa = PBXGroup;
			children = (
				A05097E020D165230019872A /* Realm.framework */,
				A05097DF20D165230019872A /* RealmSwift.framework */,
			);
			name = Frameworks;
			sourceTree = "<group>";
		};
		A0B1A4641F3380D7003155C1 = {
			isa = PBXGroup;
			children = (
				A0B1A4701F3380D7003155C1 /* RealmJSON */,
				A0B1A46F1F3380D7003155C1 /* Products */,
				A05097DE20D165230019872A /* Frameworks */,
			);
			sourceTree = "<group>";
		};
		A0B1A46F1F3380D7003155C1 /* Products */ = {
			isa = PBXGroup;
			children = (
				A0B1A46E1F3380D7003155C1 /* RealmJSON.framework */,
			);
			name = Products;
			sourceTree = "<group>";
		};
		A0B1A4701F3380D7003155C1 /* RealmJSON */ = {
			isa = PBXGroup;
			children = (
				A0B1A4791F33813A003155C1 /* MCJSONDateTransformer.h */,
				A0B1A47A1F33813A003155C1 /* MCJSONDateTransformer.m */,
				A0B1A47B1F33813A003155C1 /* MCJSONNonNullStringTransformer.h */,
				A0B1A47C1F33813A003155C1 /* MCJSONNonNullStringTransformer.m */,
				A0B1A47D1F33813A003155C1 /* MCJSONPrimaryKeyTransformer.h */,
				A0B1A47E1F33813A003155C1 /* MCJSONPrimaryKeyTransformer.m */,
				A0B1A47F1F33813A003155C1 /* MCJSONValueTransformer.h */,
				A0B1A4801F33813A003155C1 /* MCJSONValueTransformer.m */,
				A0B1A4811F33813A003155C1 /* RLMObject+Copying.h */,
				A0B1A4821F33813A003155C1 /* RLMObject+Copying.m */,
				A0B1A4831F33813A003155C1 /* RLMObject+JSON.h */,
				A0B1A4841F33813A003155C1 /* RLMObject+JSON.m */,
				A0B1A4711F3380D7003155C1 /* RealmJSON.h */,
				A0B1A4721F3380D7003155C1 /* Info.plist */,
			);
			path = RealmJSON;
			sourceTree = "<group>";
		};
/* End PBXGroup section */

/* Begin PBXHeadersBuildPhase section */
		A0B1A46B1F3380D7003155C1 /* Headers */ = {
			isa = PBXHeadersBuildPhase;
			buildActionMask = 2147483647;
			files = (
				A0B1A4851F33813A003155C1 /* MCJSONDateTransformer.h in Headers */,
				A0B1A4891F33813A003155C1 /* MCJSONPrimaryKeyTransformer.h in Headers */,
				A0B1A48D1F33813A003155C1 /* RLMObject+Copying.h in Headers */,
				A0B1A48F1F33813A003155C1 /* RLMObject+JSON.h in Headers */,
				A0B1A48B1F33813A003155C1 /* MCJSONValueTransformer.h in Headers */,
				A0B1A4871F33813A003155C1 /* MCJSONNonNullStringTransformer.h in Headers */,
				A0B1A4731F3380D7003155C1 /* RealmJSON.h in Headers */,
			);
			runOnlyForDeploymentPostprocessing = 0;
		};
/* End PBXHeadersBuildPhase section */

/* Begin PBXNativeTarget section */
		A0B1A46D1F3380D7003155C1 /* RealmJSON */ = {
			isa = PBXNativeTarget;
			buildConfigurationList = A0B1A4761F3380D7003155C1 /* Build configuration list for PBXNativeTarget "RealmJSON" */;
			buildPhases = (
				A0B1A4691F3380D7003155C1 /* Sources */,
				A0B1A46A1F3380D7003155C1 /* Frameworks */,
				A0B1A46B1F3380D7003155C1 /* Headers */,
				A0B1A46C1F3380D7003155C1 /* Resources */,
			);
			buildRules = (
			);
			dependencies = (
			);
			name = RealmJSON;
			productName = RealmJSON;
			productReference = A0B1A46E1F3380D7003155C1 /* RealmJSON.framework */;
			productType = "com.apple.product-type.framework";
		};
/* End PBXNativeTarget section */

/* Begin PBXProject section */
		A0B1A4651F3380D7003155C1 /* Project object */ = {
			isa = PBXProject;
			attributes = {
				LastUpgradeCheck = 0830;
				ORGANIZATIONNAME = "Andreas Kompanez";
				TargetAttributes = {
					A0B1A46D1F3380D7003155C1 = {
						CreatedOnToolsVersion = 8.3.3;
						ProvisioningStyle = Automatic;
					};
				};
			};
			buildConfigurationList = A0B1A4681F3380D7003155C1 /* Build configuration list for PBXProject "RealmJSON" */;
			compatibilityVersion = "Xcode 3.2";
			developmentRegion = English;
			hasScannedForEncodings = 0;
			knownRegions = (
				en,
			);
			mainGroup = A0B1A4641F3380D7003155C1;
			productRefGroup = A0B1A46F1F3380D7003155C1 /* Products */;
			projectDirPath = "";
			projectRoot = "";
			targets = (
				A0B1A46D1F3380D7003155C1 /* RealmJSON */,
			);
		};
/* End PBXProject section */

/* Begin PBXResourcesBuildPhase section */
		A0B1A46C1F3380D7003155C1 /* Resources */ = {
			isa = PBXResourcesBuildPhase;
			buildActionMask = 2147483647;
			files = (
			);
			runOnlyForDeploymentPostprocessing = 0;
		};
/* End PBXResourcesBuildPhase section */

/* Begin PBXSourcesBuildPhase section */
		A0B1A4691F3380D7003155C1 /* Sources */ = {
			isa = PBXSourcesBuildPhase;
			buildActionMask = 2147483647;
			files = (
				A0B1A48E1F33813A003155C1 /* RLMObject+Copying.m in Sources */,
				A0B1A4881F33813A003155C1 /* MCJSONNonNullStringTransformer.m in Sources */,
				A0B1A4901F33813A003155C1 /* RLMObject+JSON.m in Sources */,
				A0B1A48C1F33813A003155C1 /* MCJSONValueTransformer.m in Sources */,
				A0B1A48A1F33813A003155C1 /* MCJSONPrimaryKeyTransformer.m in Sources */,
				A0B1A4861F33813A003155C1 /* MCJSONDateTransformer.m in Sources */,
			);
			runOnlyForDeploymentPostprocessing = 0;
		};
/* End PBXSourcesBuildPhase section */

/* Begin XCBuildConfiguration section */
		A0B1A4741F3380D7003155C1 /* Debug */ = {
			isa = XCBuildConfiguration;
			buildSettings = {
				ALWAYS_SEARCH_USER_PATHS = NO;
				CLANG_ANALYZER_NONNULL = YES;
				CLANG_ANALYZER_NUMBER_OBJECT_CONVERSION = YES_AGGRESSIVE;
				CLANG_CXX_LANGUAGE_STANDARD = "gnu++0x";
				CLANG_CXX_LIBRARY = "libc++";
				CLANG_ENABLE_MODULES = YES;
				CLANG_ENABLE_OBJC_ARC = YES;
				CLANG_WARN_BOOL_CONVERSION = YES;
				CLANG_WARN_CONSTANT_CONVERSION = YES;
				CLANG_WARN_DIRECT_OBJC_ISA_USAGE = YES_ERROR;
				CLANG_WARN_DOCUMENTATION_COMMENTS = YES;
				CLANG_WARN_EMPTY_BODY = YES;
				CLANG_WARN_ENUM_CONVERSION = YES;
				CLANG_WARN_INFINITE_RECURSION = YES;
				CLANG_WARN_INT_CONVERSION = YES;
				CLANG_WARN_OBJC_ROOT_CLASS = YES_ERROR;
				CLANG_WARN_SUSPICIOUS_MOVE = YES;
				CLANG_WARN_UNREACHABLE_CODE = YES;
				CLANG_WARN__DUPLICATE_METHOD_MATCH = YES;
				"CODE_SIGN_IDENTITY[sdk=iphoneos*]" = "iPhone Developer";
				COPY_PHASE_STRIP = NO;
				CURRENT_PROJECT_VERSION = 1;
				DEBUG_INFORMATION_FORMAT = dwarf;
				ENABLE_STRICT_OBJC_MSGSEND = YES;
				ENABLE_TESTABILITY = YES;
				GCC_C_LANGUAGE_STANDARD = gnu99;
				GCC_DYNAMIC_NO_PIC = NO;
				GCC_NO_COMMON_BLOCKS = YES;
				GCC_OPTIMIZATION_LEVEL = 0;
				GCC_PREPROCESSOR_DEFINITIONS = (
					"DEBUG=1",
					"$(inherited)",
				);
				GCC_WARN_64_TO_32_BIT_CONVERSION = YES;
				GCC_WARN_ABOUT_RETURN_TYPE = YES_ERROR;
				GCC_WARN_UNDECLARED_SELECTOR = YES;
				GCC_WARN_UNINITIALIZED_AUTOS = YES_AGGRESSIVE;
				GCC_WARN_UNUSED_FUNCTION = YES;
				GCC_WARN_UNUSED_VARIABLE = YES;
				IPHONEOS_DEPLOYMENT_TARGET = 10.3;
				MTL_ENABLE_DEBUG_INFO = YES;
				ONLY_ACTIVE_ARCH = YES;
				SDKROOT = iphoneos;
				TARGETED_DEVICE_FAMILY = "1,2";
				VERSIONING_SYSTEM = "apple-generic";
				VERSION_INFO_PREFIX = "";
			};
			name = Debug;
		};
		A0B1A4751F3380D7003155C1 /* Release */ = {
			isa = XCBuildConfiguration;
			buildSettings = {
				ALWAYS_SEARCH_USER_PATHS = NO;
				CLANG_ANALYZER_NONNULL = YES;
				CLANG_ANALYZER_NUMBER_OBJECT_CONVERSION = YES_AGGRESSIVE;
				CLANG_CXX_LANGUAGE_STANDARD = "gnu++0x";
				CLANG_CXX_LIBRARY = "libc++";
				CLANG_ENABLE_MODULES = YES;
				CLANG_ENABLE_OBJC_ARC = YES;
				CLANG_WARN_BOOL_CONVERSION = YES;
				CLANG_WARN_CONSTANT_CONVERSION = YES;
				CLANG_WARN_DIRECT_OBJC_ISA_USAGE = YES_ERROR;
				CLANG_WARN_DOCUMENTATION_COMMENTS = YES;
				CLANG_WARN_EMPTY_BODY = YES;
				CLANG_WARN_ENUM_CONVERSION = YES;
				CLANG_WARN_INFINITE_RECURSION = YES;
				CLANG_WARN_INT_CONVERSION = YES;
				CLANG_WARN_OBJC_ROOT_CLASS = YES_ERROR;
				CLANG_WARN_SUSPICIOUS_MOVE = YES;
				CLANG_WARN_UNREACHABLE_CODE = YES;
				CLANG_WARN__DUPLICATE_METHOD_MATCH = YES;
				"CODE_SIGN_IDENTITY[sdk=iphoneos*]" = "iPhone Developer";
				COPY_PHASE_STRIP = NO;
				CURRENT_PROJECT_VERSION = 1;
				DEBUG_INFORMATION_FORMAT = "dwarf-with-dsym";
				ENABLE_NS_ASSERTIONS = NO;
				ENABLE_STRICT_OBJC_MSGSEND = YES;
				GCC_C_LANGUAGE_STANDARD = gnu99;
				GCC_NO_COMMON_BLOCKS = YES;
				GCC_WARN_64_TO_32_BIT_CONVERSION = YES;
				GCC_WARN_ABOUT_RETURN_TYPE = YES_ERROR;
				GCC_WARN_UNDECLARED_SELECTOR = YES;
				GCC_WARN_UNINITIALIZED_AUTOS = YES_AGGRESSIVE;
				GCC_WARN_UNUSED_FUNCTION = YES;
				GCC_WARN_UNUSED_VARIABLE = YES;
				IPHONEOS_DEPLOYMENT_TARGET = 10.3;
				MTL_ENABLE_DEBUG_INFO = NO;
				SDKROOT = iphoneos;
				TARGETED_DEVICE_FAMILY = "1,2";
				VALIDATE_PRODUCT = YES;
				VERSIONING_SYSTEM = "apple-generic";
				VERSION_INFO_PREFIX = "";
			};
			name = Release;
		};
		A0B1A4771F3380D7003155C1 /* Debug */ = {
			isa = XCBuildConfiguration;
			buildSettings = {
				CODE_SIGN_IDENTITY = "";
				DEFINES_MODULE = YES;
				DYLIB_COMPATIBILITY_VERSION = 1;
				DYLIB_CURRENT_VERSION = 1;
				DYLIB_INSTALL_NAME_BASE = "@rpath";
				ENABLE_TESTABILITY = YES;
				FRAMEWORK_SEARCH_PATHS = (
					"$(SRCROOT)/Carthage/Build",
					"$(PROJECT_DIR)/Carthage/Build/iOS",
				);
				INFOPLIST_FILE = RealmJSON/Info.plist;
				INSTALL_PATH = "$(LOCAL_LIBRARY_DIR)/Frameworks";
				LD_RUNPATH_SEARCH_PATHS = "$(inherited) @executable_path/Frameworks @loader_path/Frameworks";
				PRODUCT_BUNDLE_IDENTIFIER = ch.beekeeper.RealmJSON;
				PRODUCT_NAME = "$(TARGET_NAME)";
				SKIP_INSTALL = YES;
			};
			name = Debug;
		};
		A0B1A4781F3380D7003155C1 /* Release */ = {
			isa = XCBuildConfiguration;
			buildSettings = {
				CODE_SIGN_IDENTITY = "";
				DEFINES_MODULE = YES;
				DYLIB_COMPATIBILITY_VERSION = 1;
				DYLIB_CURRENT_VERSION = 1;
				DYLIB_INSTALL_NAME_BASE = "@rpath";
				ENABLE_TESTABILITY = YES;
				FRAMEWORK_SEARCH_PATHS = (
					"$(SRCROOT)/Carthage/Build",
					"$(PROJECT_DIR)/Carthage/Build/iOS",
				);
				INFOPLIST_FILE = RealmJSON/Info.plist;
				INSTALL_PATH = "$(LOCAL_LIBRARY_DIR)/Frameworks";
				LD_RUNPATH_SEARCH_PATHS = "$(inherited) @executable_path/Frameworks @loader_path/Frameworks";
				PRODUCT_BUNDLE_IDENTIFIER = ch.beekeeper.RealmJSON;
				PRODUCT_NAME = "$(TARGET_NAME)";
				SKIP_INSTALL = YES;
			};
			name = Release;
		};
/* End XCBuildConfiguration section */

/* Begin XCConfigurationList section */
		A0B1A4681F3380D7003155C1 /* Build configuration list for PBXProject "RealmJSON" */ = {
			isa = XCConfigurationList;
			buildConfigurations = (
				A0B1A4741F3380D7003155C1 /* Debug */,
				A0B1A4751F3380D7003155C1 /* Release */,
			);
			defaultConfigurationIsVisible = 0;
			defaultConfigurationName = Release;
		};
		A0B1A4761F3380D7003155C1 /* Build configuration list for PBXNativeTarget "RealmJSON" */ = {
			isa = XCConfigurationList;
			buildConfigurations = (
				A0B1A4771F3380D7003155C1 /* Debug */,
				A0B1A4781F3380D7003155C1 /* Release */,
			);
			defaultConfigurationIsVisible = 0;
			defaultConfigurationName = Release;
		};
/* End XCConfigurationList section */
	};
	rootObject = A0B1A4651F3380D7003155C1 /* Project object */;
}
